// !$*UTF8*$!
{
	archiveVersion = 1;
	classes = {
	};
	objectVersion = 56;
	objects = {

/* Begin PBXBuildFile section */
		ADBC7DE22ACC46E90053768E /* NetworkingManager.swift in Sources */ = {isa = PBXBuildFile; fileRef = ADBC7DE12ACC46E90053768E /* NetworkingManager.swift */; };
		ADBC7DE52ACC4DE10053768E /* CoinImageView.swift in Sources */ = {isa = PBXBuildFile; fileRef = ADBC7DE42ACC4DE10053768E /* CoinImageView.swift */; };
		ADBC7DE72ACC4ECF0053768E /* CoinImageService.swift in Sources */ = {isa = PBXBuildFile; fileRef = ADBC7DE62ACC4ECF0053768E /* CoinImageService.swift */; };
		ADBC7DE92ACC507E0053768E /* CoinImageViewModel.swift in Sources */ = {isa = PBXBuildFile; fileRef = ADBC7DE82ACC507E0053768E /* CoinImageViewModel.swift */; };
		ADBC7DEB2ACC5A9F0053768E /* LocalFileManager.swift in Sources */ = {isa = PBXBuildFile; fileRef = ADBC7DEA2ACC5A9F0053768E /* LocalFileManager.swift */; };
		ADBC7DED2ACC6E8A0053768E /* SearchBarView.swift in Sources */ = {isa = PBXBuildFile; fileRef = ADBC7DEC2ACC6E8A0053768E /* SearchBarView.swift */; };
		ADBC7DEF2ACC73320053768E /* UIApplication.swift in Sources */ = {isa = PBXBuildFile; fileRef = ADBC7DEE2ACC73320053768E /* UIApplication.swift */; };
		ADBDEC102ACAC31D00AA61E7 /* HomeViewModel.swift in Sources */ = {isa = PBXBuildFile; fileRef = ADBDEC0F2ACAC31D00AA61E7 /* HomeViewModel.swift */; };
		ADBDEC132ACB1F0A00AA61E7 /* CoinDataService.swift in Sources */ = {isa = PBXBuildFile; fileRef = ADBDEC122ACB1F0A00AA61E7 /* CoinDataService.swift */; };
		ADC168802AC988E600285782 /* CoinRowView.swift in Sources */ = {isa = PBXBuildFile; fileRef = ADC1687F2AC988E600285782 /* CoinRowView.swift */; };
		ADC168822AC9893800285782 /* PreviewProvider.swift in Sources */ = {isa = PBXBuildFile; fileRef = ADC168812AC9893800285782 /* PreviewProvider.swift */; };
		ADC168842AC9AF7300285782 /* Double.swift in Sources */ = {isa = PBXBuildFile; fileRef = ADC168832AC9AF7300285782 /* Double.swift */; };
		ADC58C9F2AC7D319003FD513 /* CryptoApp.swift in Sources */ = {isa = PBXBuildFile; fileRef = ADC58C9E2AC7D319003FD513 /* CryptoApp.swift */; };
		ADC58CA12AC7D319003FD513 /* ContentView.swift in Sources */ = {isa = PBXBuildFile; fileRef = ADC58CA02AC7D319003FD513 /* ContentView.swift */; };
		ADC58CA32AC7D31A003FD513 /* Assets.xcassets in Resources */ = {isa = PBXBuildFile; fileRef = ADC58CA22AC7D31A003FD513 /* Assets.xcassets */; };
		ADC58CA62AC7D31A003FD513 /* Preview Assets.xcassets in Resources */ = {isa = PBXBuildFile; fileRef = ADC58CA52AC7D31A003FD513 /* Preview Assets.xcassets */; };
		ADC58CAE2AC7D70D003FD513 /* Color.swift in Sources */ = {isa = PBXBuildFile; fileRef = ADC58CAD2AC7D70D003FD513 /* Color.swift */; };
		ADF221DD2AC7E17B0045E210 /* HomeView.swift in Sources */ = {isa = PBXBuildFile; fileRef = ADF221DC2AC7E17B0045E210 /* HomeView.swift */; };
		ADF221E12AC7E4870045E210 /* CircleButtonView.swift in Sources */ = {isa = PBXBuildFile; fileRef = ADF221E02AC7E4870045E210 /* CircleButtonView.swift */; };
		ADF221E52AC845630045E210 /* CircleButtonAnimation.swift in Sources */ = {isa = PBXBuildFile; fileRef = ADF221E42AC845630045E210 /* CircleButtonAnimation.swift */; };
		ADF221E82AC858850045E210 /* CoinModel.swift in Sources */ = {isa = PBXBuildFile; fileRef = ADF221E72AC858850045E210 /* CoinModel.swift */; };
/* End PBXBuildFile section */

/* Begin PBXFileReference section */
		ADBC7DE12ACC46E90053768E /* NetworkingManager.swift */ = {isa = PBXFileReference; lastKnownFileType = sourcecode.swift; path = NetworkingManager.swift; sourceTree = "<group>"; };
		ADBC7DE42ACC4DE10053768E /* CoinImageView.swift */ = {isa = PBXFileReference; lastKnownFileType = sourcecode.swift; path = CoinImageView.swift; sourceTree = "<group>"; };
		ADBC7DE62ACC4ECF0053768E /* CoinImageService.swift */ = {isa = PBXFileReference; lastKnownFileType = sourcecode.swift; path = CoinImageService.swift; sourceTree = "<group>"; };
		ADBC7DE82ACC507E0053768E /* CoinImageViewModel.swift */ = {isa = PBXFileReference; lastKnownFileType = sourcecode.swift; path = CoinImageViewModel.swift; sourceTree = "<group>"; };
		ADBC7DEA2ACC5A9F0053768E /* LocalFileManager.swift */ = {isa = PBXFileReference; lastKnownFileType = sourcecode.swift; path = LocalFileManager.swift; sourceTree = "<group>"; };
		ADBC7DEC2ACC6E8A0053768E /* SearchBarView.swift */ = {isa = PBXFileReference; lastKnownFileType = sourcecode.swift; path = SearchBarView.swift; sourceTree = "<group>"; };
		ADBC7DEE2ACC73320053768E /* UIApplication.swift */ = {isa = PBXFileReference; lastKnownFileType = sourcecode.swift; path = UIApplication.swift; sourceTree = "<group>"; };
		ADBDEC0F2ACAC31D00AA61E7 /* HomeViewModel.swift */ = {isa = PBXFileReference; lastKnownFileType = sourcecode.swift; path = HomeViewModel.swift; sourceTree = "<group>"; };
		ADBDEC122ACB1F0A00AA61E7 /* CoinDataService.swift */ = {isa = PBXFileReference; lastKnownFileType = sourcecode.swift; path = CoinDataService.swift; sourceTree = "<group>"; };
		ADC1687F2AC988E600285782 /* CoinRowView.swift */ = {isa = PBXFileReference; lastKnownFileType = sourcecode.swift; path = CoinRowView.swift; sourceTree = "<group>"; };
		ADC168812AC9893800285782 /* PreviewProvider.swift */ = {isa = PBXFileReference; lastKnownFileType = sourcecode.swift; path = PreviewProvider.swift; sourceTree = "<group>"; };
		ADC168832AC9AF7300285782 /* Double.swift */ = {isa = PBXFileReference; lastKnownFileType = sourcecode.swift; path = Double.swift; sourceTree = "<group>"; };
		ADC58C9B2AC7D319003FD513 /* Crypto.app */ = {isa = PBXFileReference; explicitFileType = wrapper.application; includeInIndex = 0; path = Crypto.app; sourceTree = BUILT_PRODUCTS_DIR; };
		ADC58C9E2AC7D319003FD513 /* CryptoApp.swift */ = {isa = PBXFileReference; lastKnownFileType = sourcecode.swift; path = CryptoApp.swift; sourceTree = "<group>"; };
		ADC58CA02AC7D319003FD513 /* ContentView.swift */ = {isa = PBXFileReference; lastKnownFileType = sourcecode.swift; path = ContentView.swift; sourceTree = "<group>"; };
		ADC58CA22AC7D31A003FD513 /* Assets.xcassets */ = {isa = PBXFileReference; lastKnownFileType = folder.assetcatalog; path = Assets.xcassets; sourceTree = "<group>"; };
		ADC58CA52AC7D31A003FD513 /* Preview Assets.xcassets */ = {isa = PBXFileReference; lastKnownFileType = folder.assetcatalog; path = "Preview Assets.xcassets"; sourceTree = "<group>"; };
		ADC58CAD2AC7D70D003FD513 /* Color.swift */ = {isa = PBXFileReference; lastKnownFileType = sourcecode.swift; path = Color.swift; sourceTree = "<group>"; };
		ADF221DC2AC7E17B0045E210 /* HomeView.swift */ = {isa = PBXFileReference; lastKnownFileType = sourcecode.swift; path = HomeView.swift; sourceTree = "<group>"; };
		ADF221E02AC7E4870045E210 /* CircleButtonView.swift */ = {isa = PBXFileReference; lastKnownFileType = sourcecode.swift; path = CircleButtonView.swift; sourceTree = "<group>"; };
		ADF221E42AC845630045E210 /* CircleButtonAnimation.swift */ = {isa = PBXFileReference; lastKnownFileType = sourcecode.swift; path = CircleButtonAnimation.swift; sourceTree = "<group>"; };
		ADF221E72AC858850045E210 /* CoinModel.swift */ = {isa = PBXFileReference; lastKnownFileType = sourcecode.swift; path = CoinModel.swift; sourceTree = "<group>"; };
/* End PBXFileReference section */

/* Begin PBXFrameworksBuildPhase section */
		ADC58C982AC7D319003FD513 /* Frameworks */ = {
			isa = PBXFrameworksBuildPhase;
			buildActionMask = 2147483647;
			files = (
			);
			runOnlyForDeploymentPostprocessing = 0;
		};
/* End PBXFrameworksBuildPhase section */

/* Begin PBXGroup section */
		ADBC7DE02ACC46CA0053768E /* Utilities */ = {
			isa = PBXGroup;
			children = (
				ADBC7DE12ACC46E90053768E /* NetworkingManager.swift */,
				ADBC7DEA2ACC5A9F0053768E /* LocalFileManager.swift */,
			);
			path = Utilities;
			sourceTree = "<group>";
		};
		ADBC7DE32ACC4DC70053768E /* CoinImage */ = {
			isa = PBXGroup;
			children = (
				ADBC7DE82ACC507E0053768E /* CoinImageViewModel.swift */,
				ADBC7DE42ACC4DE10053768E /* CoinImageView.swift */,
			);
			path = CoinImage;
			sourceTree = "<group>";
		};
		ADBDEC0C2ACAC30000AA61E7 /* ViewModels */ = {
			isa = PBXGroup;
			children = (
				ADBDEC0F2ACAC31D00AA61E7 /* HomeViewModel.swift */,
			);
			path = ViewModels;
			sourceTree = "<group>";
		};
		ADBDEC112ACB1EEA00AA61E7 /* Services */ = {
			isa = PBXGroup;
			children = (
				ADBDEC122ACB1F0A00AA61E7 /* CoinDataService.swift */,
				ADBC7DE62ACC4ECF0053768E /* CoinImageService.swift */,
			);
			path = Services;
			sourceTree = "<group>";
		};
		ADC58C922AC7D319003FD513 = {
			isa = PBXGroup;
			children = (
				ADC58C9D2AC7D319003FD513 /* Crypto */,
				ADC58C9C2AC7D319003FD513 /* Products */,
			);
			sourceTree = "<group>";
		};
		ADC58C9C2AC7D319003FD513 /* Products */ = {
			isa = PBXGroup;
			children = (
				ADC58C9B2AC7D319003FD513 /* Crypto.app */,
			);
			name = Products;
			sourceTree = "<group>";
		};
		ADC58C9D2AC7D319003FD513 /* Crypto */ = {
			isa = PBXGroup;
			children = (
				ADBC7DE02ACC46CA0053768E /* Utilities */,
				ADBDEC112ACB1EEA00AA61E7 /* Services */,
				ADF221E62AC858670045E210 /* Modal */,
				ADF221D82AC7E1530045E210 /* Core */,
				ADC58CAC2AC7D6DE003FD513 /* Extensions */,
				ADC58C9E2AC7D319003FD513 /* CryptoApp.swift */,
				ADC58CA02AC7D319003FD513 /* ContentView.swift */,
				ADC58CA22AC7D31A003FD513 /* Assets.xcassets */,
				ADC58CA42AC7D31A003FD513 /* Preview Content */,
			);
			path = Crypto;
			sourceTree = "<group>";
		};
		ADC58CA42AC7D31A003FD513 /* Preview Content */ = {
			isa = PBXGroup;
			children = (
				ADC58CA52AC7D31A003FD513 /* Preview Assets.xcassets */,
			);
			path = "Preview Content";
			sourceTree = "<group>";
		};
		ADC58CAC2AC7D6DE003FD513 /* Extensions */ = {
			isa = PBXGroup;
			children = (
				ADC58CAD2AC7D70D003FD513 /* Color.swift */,
				ADC168812AC9893800285782 /* PreviewProvider.swift */,
				ADC168832AC9AF7300285782 /* Double.swift */,
				ADBC7DEE2ACC73320053768E /* UIApplication.swift */,
			);
			path = Extensions;
			sourceTree = "<group>";
		};
		ADF221D82AC7E1530045E210 /* Core */ = {
			isa = PBXGroup;
			children = (
				ADF221DE2AC7E46A0045E210 /* Components */,
				ADF221D92AC7E15A0045E210 /* Home */,
			);
			path = Core;
			sourceTree = "<group>";
		};
		ADF221D92AC7E15A0045E210 /* Home */ = {
			isa = PBXGroup;
			children = (
				ADBDEC0C2ACAC30000AA61E7 /* ViewModels */,
				ADF221DA2AC7E1650045E210 /* Views */,
			);
			path = Home;
			sourceTree = "<group>";
		};
		ADF221DA2AC7E1650045E210 /* Views */ = {
			isa = PBXGroup;
			children = (
				ADF221DC2AC7E17B0045E210 /* HomeView.swift */,
				ADC1687F2AC988E600285782 /* CoinRowView.swift */,
			);
			path = Views;
			sourceTree = "<group>";
		};
		ADF221DE2AC7E46A0045E210 /* Components */ = {
			isa = PBXGroup;
			children = (
				ADBC7DE32ACC4DC70053768E /* CoinImage */,
				ADF221DF2AC7E4760045E210 /* CircleButton */,
				ADBC7DEC2ACC6E8A0053768E /* SearchBarView.swift */,
			);
			path = Components;
			sourceTree = "<group>";
		};
		ADF221DF2AC7E4760045E210 /* CircleButton */ = {
			isa = PBXGroup;
			children = (
				ADF221E02AC7E4870045E210 /* CircleButtonView.swift */,
				ADF221E42AC845630045E210 /* CircleButtonAnimation.swift */,
			);
			path = CircleButton;
			sourceTree = "<group>";
		};
		ADF221E62AC858670045E210 /* Modal */ = {
			isa = PBXGroup;
			children = (
				ADF221E72AC858850045E210 /* CoinModel.swift */,
			);
			path = Modal;
			sourceTree = "<group>";
		};
/* End PBXGroup section */

/* Begin PBXNativeTarget section */
		ADC58C9A2AC7D319003FD513 /* Crypto */ = {
			isa = PBXNativeTarget;
			buildConfigurationList = ADC58CA92AC7D31A003FD513 /* Build configuration list for PBXNativeTarget "Crypto" */;
			buildPhases = (
				ADC58C972AC7D319003FD513 /* Sources */,
				ADC58C982AC7D319003FD513 /* Frameworks */,
				ADC58C992AC7D319003FD513 /* Resources */,
			);
			buildRules = (
			);
			dependencies = (
			);
			name = Crypto;
			productName = Crypto;
			productReference = ADC58C9B2AC7D319003FD513 /* Crypto.app */;
			productType = "com.apple.product-type.application";
		};
/* End PBXNativeTarget section */

/* Begin PBXProject section */
		ADC58C932AC7D319003FD513 /* Project object */ = {
			isa = PBXProject;
			attributes = {
				BuildIndependentTargetsInParallel = 1;
				LastSwiftUpdateCheck = 1500;
				LastUpgradeCheck = 1500;
				TargetAttributes = {
					ADC58C9A2AC7D319003FD513 = {
						CreatedOnToolsVersion = 15.0;
					};
				};
			};
			buildConfigurationList = ADC58C962AC7D319003FD513 /* Build configuration list for PBXProject "Crypto" */;
			compatibilityVersion = "Xcode 14.0";
			developmentRegion = en;
			hasScannedForEncodings = 0;
			knownRegions = (
				en,
				Base,
			);
			mainGroup = ADC58C922AC7D319003FD513;
			productRefGroup = ADC58C9C2AC7D319003FD513 /* Products */;
			projectDirPath = "";
			projectRoot = "";
			targets = (
				ADC58C9A2AC7D319003FD513 /* Crypto */,
			);
		};
/* End PBXProject section */

/* Begin PBXResourcesBuildPhase section */
		ADC58C992AC7D319003FD513 /* Resources */ = {
			isa = PBXResourcesBuildPhase;
			buildActionMask = 2147483647;
			files = (
				ADC58CA62AC7D31A003FD513 /* Preview Assets.xcassets in Resources */,
				ADC58CA32AC7D31A003FD513 /* Assets.xcassets in Resources */,
			);
			runOnlyForDeploymentPostprocessing = 0;
		};
/* End PBXResourcesBuildPhase section */

/* Begin PBXSourcesBuildPhase section */
		ADC58C972AC7D319003FD513 /* Sources */ = {
			isa = PBXSourcesBuildPhase;
			buildActionMask = 2147483647;
			files = (
				ADBDEC132ACB1F0A00AA61E7 /* CoinDataService.swift in Sources */,
				ADC168802AC988E600285782 /* CoinRowView.swift in Sources */,
				ADC58CA12AC7D319003FD513 /* ContentView.swift in Sources */,
				ADF221DD2AC7E17B0045E210 /* HomeView.swift in Sources */,
				ADBC7DEB2ACC5A9F0053768E /* LocalFileManager.swift in Sources */,
				ADC58C9F2AC7D319003FD513 /* CryptoApp.swift in Sources */,
				ADBC7DE52ACC4DE10053768E /* CoinImageView.swift in Sources */,
				ADF221E12AC7E4870045E210 /* CircleButtonView.swift in Sources */,
				ADBC7DEF2ACC73320053768E /* UIApplication.swift in Sources */,
				ADF221E52AC845630045E210 /* CircleButtonAnimation.swift in Sources */,
				ADBDEC102ACAC31D00AA61E7 /* HomeViewModel.swift in Sources */,
				ADBC7DED2ACC6E8A0053768E /* SearchBarView.swift in Sources */,
				ADBC7DE22ACC46E90053768E /* NetworkingManager.swift in Sources */,
				ADC58CAE2AC7D70D003FD513 /* Color.swift in Sources */,
				ADBC7DE92ACC507E0053768E /* CoinImageViewModel.swift in Sources */,
				ADC168822AC9893800285782 /* PreviewProvider.swift in Sources */,
				ADC168842AC9AF7300285782 /* Double.swift in Sources */,
				ADBC7DE72ACC4ECF0053768E /* CoinImageService.swift in Sources */,
				ADF221E82AC858850045E210 /* CoinModel.swift in Sources */,
			);
			runOnlyForDeploymentPostprocessing = 0;
		};
/* End PBXSourcesBuildPhase section */

/* Begin XCBuildConfiguration section */
		ADC58CA72AC7D31A003FD513 /* Debug */ = {
			isa = XCBuildConfiguration;
			buildSettings = {
				ALWAYS_SEARCH_USER_PATHS = NO;
				ASSETCATALOG_COMPILER_GENERATE_SWIFT_ASSET_SYMBOL_EXTENSIONS = YES;
				CLANG_ANALYZER_NONNULL = YES;
				CLANG_ANALYZER_NUMBER_OBJECT_CONVERSION = YES_AGGRESSIVE;
				CLANG_CXX_LANGUAGE_STANDARD = "gnu++20";
				CLANG_ENABLE_MODULES = YES;
				CLANG_ENABLE_OBJC_ARC = YES;
				CLANG_ENABLE_OBJC_WEAK = YES;
				CLANG_WARN_BLOCK_CAPTURE_AUTORELEASING = YES;
				CLANG_WARN_BOOL_CONVERSION = YES;
				CLANG_WARN_COMMA = YES;
				CLANG_WARN_CONSTANT_CONVERSION = YES;
				CLANG_WARN_DEPRECATED_OBJC_IMPLEMENTATIONS = YES;
				CLANG_WARN_DIRECT_OBJC_ISA_USAGE = YES_ERROR;
				CLANG_WARN_DOCUMENTATION_COMMENTS = YES;
				CLANG_WARN_EMPTY_BODY = YES;
				CLANG_WARN_ENUM_CONVERSION = YES;
				CLANG_WARN_INFINITE_RECURSION = YES;
				CLANG_WARN_INT_CONVERSION = YES;
				CLANG_WARN_NON_LITERAL_NULL_CONVERSION = YES;
				CLANG_WARN_OBJC_IMPLICIT_RETAIN_SELF = YES;
				CLANG_WARN_OBJC_LITERAL_CONVERSION = YES;
				CLANG_WARN_OBJC_ROOT_CLASS = YES_ERROR;
				CLANG_WARN_QUOTED_INCLUDE_IN_FRAMEWORK_HEADER = YES;
				CLANG_WARN_RANGE_LOOP_ANALYSIS = YES;
				CLANG_WARN_STRICT_PROTOTYPES = YES;
				CLANG_WARN_SUSPICIOUS_MOVE = YES;
				CLANG_WARN_UNGUARDED_AVAILABILITY = YES_AGGRESSIVE;
				CLANG_WARN_UNREACHABLE_CODE = YES;
				CLANG_WARN__DUPLICATE_METHOD_MATCH = YES;
				COPY_PHASE_STRIP = NO;
				DEBUG_INFORMATION_FORMAT = dwarf;
				ENABLE_STRICT_OBJC_MSGSEND = YES;
				ENABLE_TESTABILITY = YES;
				ENABLE_USER_SCRIPT_SANDBOXING = YES;
				GCC_C_LANGUAGE_STANDARD = gnu17;
				GCC_DYNAMIC_NO_PIC = NO;
				GCC_NO_COMMON_BLOCKS = YES;
				GCC_OPTIMIZATION_LEVEL = 0;
				GCC_PREPROCESSOR_DEFINITIONS = (
					"DEBUG=1",
					"$(inherited)",
				);
				GCC_WARN_64_TO_32_BIT_CONVERSION = YES;
				GCC_WARN_ABOUT_RETURN_TYPE = YES_ERROR;
				GCC_WARN_UNDECLARED_SELECTOR = YES;
				GCC_WARN_UNINITIALIZED_AUTOS = YES_AGGRESSIVE;
				GCC_WARN_UNUSED_FUNCTION = YES;
				GCC_WARN_UNUSED_VARIABLE = YES;
				IPHONEOS_DEPLOYMENT_TARGET = 17.0;
				LOCALIZATION_PREFERS_STRING_CATALOGS = YES;
				MTL_ENABLE_DEBUG_INFO = INCLUDE_SOURCE;
				MTL_FAST_MATH = YES;
				ONLY_ACTIVE_ARCH = YES;
				SDKROOT = iphoneos;
				SWIFT_ACTIVE_COMPILATION_CONDITIONS = "DEBUG $(inherited)";
				SWIFT_OPTIMIZATION_LEVEL = "-Onone";
			};
			name = Debug;
		};
		ADC58CA82AC7D31A003FD513 /* Release */ = {
			isa = XCBuildConfiguration;
			buildSettings = {
				ALWAYS_SEARCH_USER_PATHS = NO;
				ASSETCATALOG_COMPILER_GENERATE_SWIFT_ASSET_SYMBOL_EXTENSIONS = YES;
				CLANG_ANALYZER_NONNULL = YES;
				CLANG_ANALYZER_NUMBER_OBJECT_CONVERSION = YES_AGGRESSIVE;
				CLANG_CXX_LANGUAGE_STANDARD = "gnu++20";
				CLANG_ENABLE_MODULES = YES;
				CLANG_ENABLE_OBJC_ARC = YES;
				CLANG_ENABLE_OBJC_WEAK = YES;
				CLANG_WARN_BLOCK_CAPTURE_AUTORELEASING = YES;
				CLANG_WARN_BOOL_CONVERSION = YES;
				CLANG_WARN_COMMA = YES;
				CLANG_WARN_CONSTANT_CONVERSION = YES;
				CLANG_WARN_DEPRECATED_OBJC_IMPLEMENTATIONS = YES;
				CLANG_WARN_DIRECT_OBJC_ISA_USAGE = YES_ERROR;
				CLANG_WARN_DOCUMENTATION_COMMENTS = YES;
				CLANG_WARN_EMPTY_BODY = YES;
				CLANG_WARN_ENUM_CONVERSION = YES;
				CLANG_WARN_INFINITE_RECURSION = YES;
				CLANG_WARN_INT_CONVERSION = YES;
				CLANG_WARN_NON_LITERAL_NULL_CONVERSION = YES;
				CLANG_WARN_OBJC_IMPLICIT_RETAIN_SELF = YES;
				CLANG_WARN_OBJC_LITERAL_CONVERSION = YES;
				CLANG_WARN_OBJC_ROOT_CLASS = YES_ERROR;
				CLANG_WARN_QUOTED_INCLUDE_IN_FRAMEWORK_HEADER = YES;
				CLANG_WARN_RANGE_LOOP_ANALYSIS = YES;
				CLANG_WARN_STRICT_PROTOTYPES = YES;
				CLANG_WARN_SUSPICIOUS_MOVE = YES;
				CLANG_WARN_UNGUARDED_AVAILABILITY = YES_AGGRESSIVE;
				CLANG_WARN_UNREACHABLE_CODE = YES;
				CLANG_WARN__DUPLICATE_METHOD_MATCH = YES;
				COPY_PHASE_STRIP = NO;
				DEBUG_INFORMATION_FORMAT = "dwarf-with-dsym";
				ENABLE_NS_ASSERTIONS = NO;
				ENABLE_STRICT_OBJC_MSGSEND = YES;
				ENABLE_USER_SCRIPT_SANDBOXING = YES;
				GCC_C_LANGUAGE_STANDARD = gnu17;
				GCC_NO_COMMON_BLOCKS = YES;
				GCC_WARN_64_TO_32_BIT_CONVERSION = YES;
				GCC_WARN_ABOUT_RETURN_TYPE = YES_ERROR;
				GCC_WARN_UNDECLARED_SELECTOR = YES;
				GCC_WARN_UNINITIALIZED_AUTOS = YES_AGGRESSIVE;
				GCC_WARN_UNUSED_FUNCTION = YES;
				GCC_WARN_UNUSED_VARIABLE = YES;
				IPHONEOS_DEPLOYMENT_TARGET = 17.0;
				LOCALIZATION_PREFERS_STRING_CATALOGS = YES;
				MTL_ENABLE_DEBUG_INFO = NO;
				MTL_FAST_MATH = YES;
				SDKROOT = iphoneos;
				SWIFT_COMPILATION_MODE = wholemodule;
				VALIDATE_PRODUCT = YES;
			};
			name = Release;
		};
		ADC58CAA2AC7D31A003FD513 /* Debug */ = {
			isa = XCBuildConfiguration;
			buildSettings = {
				ASSETCATALOG_COMPILER_APPICON_NAME = AppIcon;
				ASSETCATALOG_COMPILER_GLOBAL_ACCENT_COLOR_NAME = AccentColor;
				CODE_SIGN_STYLE = Automatic;
				CURRENT_PROJECT_VERSION = 1;
				DEVELOPMENT_ASSET_PATHS = "\"Crypto/Preview Content\"";
				DEVELOPMENT_TEAM = DSP38HD2UV;
				ENABLE_PREVIEWS = YES;
				GENERATE_INFOPLIST_FILE = YES;
				INFOPLIST_KEY_CFBundleDisplayName = "Crypto Tracker";
				INFOPLIST_KEY_UIApplicationSceneManifest_Generation = YES;
				INFOPLIST_KEY_UIApplicationSupportsIndirectInputEvents = YES;
				INFOPLIST_KEY_UILaunchScreen_Generation = YES;
				INFOPLIST_KEY_UISupportedInterfaceOrientations = "UIInterfaceOrientationLandscapeLeft UIInterfaceOrientationLandscapeRight UIInterfaceOrientationPortrait";
				INFOPLIST_KEY_UISupportedInterfaceOrientations_iPad = UIInterfaceOrientationPortrait;
				LD_RUNPATH_SEARCH_PATHS = (
					"$(inherited)",
					"@executable_path/Frameworks",
				);
				MARKETING_VERSION = 1.0;
				PRODUCT_BUNDLE_IDENTIFIER = com.exit.Crypto;
				PRODUCT_NAME = "$(TARGET_NAME)";
				SUPPORTED_PLATFORMS = "iphoneos iphonesimulator";
				SUPPORTS_MACCATALYST = NO;
				SUPPORTS_MAC_DESIGNED_FOR_IPHONE_IPAD = NO;
				SWIFT_EMIT_LOC_STRINGS = YES;
				SWIFT_VERSION = 5.0;
				TARGETED_DEVICE_FAMILY = "1,2";
			};
			name = Debug;
		};
		ADC58CAB2AC7D31A003FD513 /* Release */ = {
			isa = XCBuildConfiguration;
			buildSettings = {
				ASSETCATALOG_COMPILER_APPICON_NAME = AppIcon;
				ASSETCATALOG_COMPILER_GLOBAL_ACCENT_COLOR_NAME = AccentColor;
				CODE_SIGN_STYLE = Automatic;
				CURRENT_PROJECT_VERSION = 1;
				DEVELOPMENT_ASSET_PATHS = "\"Crypto/Preview Content\"";
				DEVELOPMENT_TEAM = DSP38HD2UV;
				ENABLE_PREVIEWS = YES;
				GENERATE_INFOPLIST_FILE = YES;
				INFOPLIST_KEY_CFBundleDisplayName = "Crypto Tracker";
				INFOPLIST_KEY_UIApplicationSceneManifest_Generation = YES;
				INFOPLIST_KEY_UIApplicationSupportsIndirectInputEvents = YES;
				INFOPLIST_KEY_UILaunchScreen_Generation = YES;
				INFOPLIST_KEY_UISupportedInterfaceOrientations = "UIInterfaceOrientationLandscapeLeft UIInterfaceOrientationLandscapeRight UIInterfaceOrientationPortrait";
				INFOPLIST_KEY_UISupportedInterfaceOrientations_iPad = UIInterfaceOrientationPortrait;
				LD_RUNPATH_SEARCH_PATHS = (
					"$(inherited)",
					"@executable_path/Frameworks",
				);
				MARKETING_VERSION = 1.0;
				PRODUCT_BUNDLE_IDENTIFIER = com.exit.Crypto;
				PRODUCT_NAME = "$(TARGET_NAME)";
				SUPPORTED_PLATFORMS = "iphoneos iphonesimulator";
				SUPPORTS_MACCATALYST = NO;
				SUPPORTS_MAC_DESIGNED_FOR_IPHONE_IPAD = NO;
				SWIFT_EMIT_LOC_STRINGS = YES;
				SWIFT_VERSION = 5.0;
				TARGETED_DEVICE_FAMILY = "1,2";
			};
			name = Release;
		};
/* End XCBuildConfiguration section */

/* Begin XCConfigurationList section */
		ADC58C962AC7D319003FD513 /* Build configuration list for PBXProject "Crypto" */ = {
			isa = XCConfigurationList;
			buildConfigurations = (
				ADC58CA72AC7D31A003FD513 /* Debug */,
				ADC58CA82AC7D31A003FD513 /* Release */,
			);
			defaultConfigurationIsVisible = 0;
			defaultConfigurationName = Release;
		};
		ADC58CA92AC7D31A003FD513 /* Build configuration list for PBXNativeTarget "Crypto" */ = {
			isa = XCConfigurationList;
			buildConfigurations = (
				ADC58CAA2AC7D31A003FD513 /* Debug */,
				ADC58CAB2AC7D31A003FD513 /* Release */,
			);
			defaultConfigurationIsVisible = 0;
			defaultConfigurationName = Release;
		};
/* End XCConfigurationList section */
	};
	rootObject = ADC58C932AC7D319003FD513 /* Project object */;
}
